
Microsoft Visual Studio Solution File, Format Version 12.00
# Visual Studio Version 17
VisualStudioVersion = 17.13.35825.156
MinimumVisualStudioVersion = 10.0.40219.1
Project("{FAE04EC0-301F-11D3-BF4B-00C04F79EFBC}") = "TNS01-CadastroContato", "TNS01-CadastroContato\TNS01-CadastroContato.csproj", "{F544943E-BE68-437E-A5B7-C1A948A8457F}"
EndProject
Project("{FAE04EC0-301F-11D3-BF4B-00C04F79EFBC}") = "WfAcesso", "WfAcesso\WfAcesso.csproj", "{C7F94CF8-69E4-494B-BD52-2BD6D160EE59}"
EndProject
Project("{FAE04EC0-301F-11D3-BF4B-00C04F79EFBC}") = "TN01-WFUsandoListagem", "TN01-WFUsandoListagem\TN01-WFUsandoListagem.csproj", "{876073D0-28F5-4965-9249-5B19E721C3C9}"
EndProject
Project("{FAE04EC0-301F-11D3-BF4B-00C04F79EFBC}") = "WF-CadastroProduto", "WF-CadastroProduto\WF-CadastroProduto.csproj", "{F7FFB645-5EE3-45A7-A926-77A251D3E6C6}"
EndProject
Global
	GlobalSection(SolutionConfigurationPlatforms) = preSolution
		Debug|Any CPU = Debug|Any CPU
		Release|Any CPU = Release|Any CPU
	EndGlobalSection
	GlobalSection(ProjectConfigurationPlatforms) = postSolution
		{F544943E-BE68-437E-A5B7-C1A948A8457F}.Debug|Any CPU.ActiveCfg = Debug|Any CPU
		{F544943E-BE68-437E-A5B7-C1A948A8457F}.Debug|Any CPU.Build.0 = Debug|Any CPU
		{F544943E-BE68-437E-A5B7-C1A948A8457F}.Release|Any CPU.ActiveCfg = Release|Any CPU
		{F544943E-BE68-437E-A5B7-C1A948A8457F}.Release|Any CPU.Build.0 = Release|Any CPU
		{C7F94CF8-69E4-494B-BD52-2BD6D160EE59}.Debug|Any CPU.ActiveCfg = Debug|Any CPU
		{C7F94CF8-69E4-494B-BD52-2BD6D160EE59}.Debug|Any CPU.Build.0 = Debug|Any CPU
		{C7F94CF8-69E4-494B-BD52-2BD6D160EE59}.Release|Any CPU.ActiveCfg = Release|Any CPU
		{C7F94CF8-69E4-494B-BD52-2BD6D160EE59}.Release|Any CPU.Build.0 = Release|Any CPU
		{876073D0-28F5-4965-9249-5B19E721C3C9}.Debug|Any CPU.ActiveCfg = Debug|Any CPU
		{876073D0-28F5-4965-9249-5B19E721C3C9}.Debug|Any CPU.Build.0 = Debug|Any CPU
		{876073D0-28F5-4965-9249-5B19E721C3C9}.Release|Any CPU.ActiveCfg = Release|Any CPU
		{876073D0-28F5-4965-9249-5B19E721C3C9}.Release|Any CPU.Build.0 = Release|Any CPU
		{F7FFB645-5EE3-45A7-A926-77A251D3E6C6}.Debug|Any CPU.ActiveCfg = Debug|Any CPU
		{F7FFB645-5EE3-45A7-A926-77A251D3E6C6}.Debug|Any CPU.Build.0 = Debug|Any CPU
		{F7FFB645-5EE3-45A7-A926-77A251D3E6C6}.Release|Any CPU.ActiveCfg = Release|Any CPU
		{F7FFB645-5EE3-45A7-A926-77A251D3E6C6}.Release|Any CPU.Build.0 = Release|Any CPU
	EndGlobalSection
	GlobalSection(SolutionProperties) = preSolution
		HideSolutionNode = FALSE
	EndGlobalSection
	GlobalSection(ExtensibilityGlobals) = postSolution
		SolutionGuid = {15D6A788-0AF1-4111-BE5D-2AFF5381C29E}
	EndGlobalSection
EndGlobal
